{
  "name": "route4express",
  "version": "2.0.0",
  "lockfileVersion": 1,
  "requires": true,
  "dependencies": {
    "lodash": {
      "version": "4.17.11",
      "resolved": "https://artifactory.ubisoft.org/api/npm/npm-gap/lodash/-/lodash-4.17.11.tgz?dl=https://registry.npmjs.org/lodash/-/lodash-4.17.11.tgz",
      "integrity": "sha1-s56mIp72B+zYniyN8SU2iRysm40="
    }
  }
}
